
Microsoft Visual Studio Solution File, Format Version 12.00
# Visual Studio 15
VisualStudioVersion = 15.0.27004.2005
MinimumVisualStudioVersion = 10.0.40219.1
Project("{6EC3EE1D-3C4E-46DD-8F32-0CC8E7565705}") = "Client", "Client\Client.fsproj", "{73E8E820-C8AA-47CC-BB2B-152CA4D0B855}"
EndProject
Project("{6EC3EE1D-3C4E-46DD-8F32-0CC8E7565705}") = "Server", "Server\Server.fsproj", "{73E8E820-C8AA-47CC-BB2B-152CA4D0B856}"
EndProject
Project("{F2A71F9B-5D33-465A-A702-920D77279786}") = "Core", "Core\Core.fsproj", "{E47EF9DB-4AD5-4B09-8D00-864A2B5D2A8C}"
EndProject
Project("{FAE04EC0-301F-11D3-BF4B-00C04F79EFBC}") = "Cypher", "Cypher\Cypher.csproj", "{3BB82312-994E-4D4F-BA1C-E0351C2BAB8D}"
EndProject
Project("{F2A71F9B-5D33-465A-A702-920D77279786}") = "Tests", "Tests\Tests.fsproj", "{3CFF78AC-AC13-4996-A1FE-E22997CC55FF}"
EndProject
Global
	GlobalSection(SolutionConfigurationPlatforms) = preSolution
		Debug|Any CPU = Debug|Any CPU
		Release|Any CPU = Release|Any CPU
		Debug|x64 = Debug|x64
		Debug|x86 = Debug|x86
		Release|x64 = Release|x64
		Release|x86 = Release|x86
	EndGlobalSection
	GlobalSection(ProjectConfigurationPlatforms) = postSolution
		{73E8E820-C8AA-47CC-BB2B-152CA4D0B855}.Debug|Any CPU.ActiveCfg = Debug|Any CPU
		{73E8E820-C8AA-47CC-BB2B-152CA4D0B855}.Debug|Any CPU.Build.0 = Debug|Any CPU
		{73E8E820-C8AA-47CC-BB2B-152CA4D0B855}.Release|Any CPU.ActiveCfg = Release|Any CPU
		{73E8E820-C8AA-47CC-BB2B-152CA4D0B855}.Release|Any CPU.Build.0 = Release|Any CPU
		{E47EF9DB-4AD5-4B09-8D00-864A2B5D2A8C}.Debug|Any CPU.ActiveCfg = Debug|Any CPU
		{E47EF9DB-4AD5-4B09-8D00-864A2B5D2A8C}.Debug|Any CPU.Build.0 = Debug|Any CPU
		{E47EF9DB-4AD5-4B09-8D00-864A2B5D2A8C}.Debug|x64.ActiveCfg = Debug|x64
		{E47EF9DB-4AD5-4B09-8D00-864A2B5D2A8C}.Debug|x64.Build.0 = Debug|x64
		{E47EF9DB-4AD5-4B09-8D00-864A2B5D2A8C}.Debug|x86.ActiveCfg = Debug|x86
		{E47EF9DB-4AD5-4B09-8D00-864A2B5D2A8C}.Debug|x86.Build.0 = Debug|x86
		{E47EF9DB-4AD5-4B09-8D00-864A2B5D2A8C}.Release|Any CPU.ActiveCfg = Release|Any CPU
		{E47EF9DB-4AD5-4B09-8D00-864A2B5D2A8C}.Release|Any CPU.Build.0 = Release|Any CPU
		{E47EF9DB-4AD5-4B09-8D00-864A2B5D2A8C}.Release|x64.ActiveCfg = Release|x64
		{E47EF9DB-4AD5-4B09-8D00-864A2B5D2A8C}.Release|x64.Build.0 = Release|x64
		{E47EF9DB-4AD5-4B09-8D00-864A2B5D2A8C}.Release|x86.ActiveCfg = Release|x86
		{E47EF9DB-4AD5-4B09-8D00-864A2B5D2A8C}.Release|x86.Build.0 = Release|x86
		{3BB82312-994E-4D4F-BA1C-E0351C2BAB8D}.Debug|Any CPU.ActiveCfg = Debug|Any CPU
		{3BB82312-994E-4D4F-BA1C-E0351C2BAB8D}.Debug|Any CPU.Build.0 = Debug|Any CPU
		{3BB82312-994E-4D4F-BA1C-E0351C2BAB8D}.Debug|x64.ActiveCfg = Debug|x64
		{3BB82312-994E-4D4F-BA1C-E0351C2BAB8D}.Debug|x64.Build.0 = Debug|x64
		{3BB82312-994E-4D4F-BA1C-E0351C2BAB8D}.Debug|x86.ActiveCfg = Debug|x86
		{3BB82312-994E-4D4F-BA1C-E0351C2BAB8D}.Debug|x86.Build.0 = Debug|x86
		{3BB82312-994E-4D4F-BA1C-E0351C2BAB8D}.Release|Any CPU.ActiveCfg = Release|Any CPU
		{3BB82312-994E-4D4F-BA1C-E0351C2BAB8D}.Release|Any CPU.Build.0 = Release|Any CPU
		{3BB82312-994E-4D4F-BA1C-E0351C2BAB8D}.Release|x64.ActiveCfg = Release|x64
		{3BB82312-994E-4D4F-BA1C-E0351C2BAB8D}.Release|x64.Build.0 = Release|x64
		{3BB82312-994E-4D4F-BA1C-E0351C2BAB8D}.Release|x86.ActiveCfg = Release|x86
		{3BB82312-994E-4D4F-BA1C-E0351C2BAB8D}.Release|x86.Build.0 = Release|x86
		{3CFF78AC-AC13-4996-A1FE-E22997CC55FF}.Debug|Any CPU.ActiveCfg = Debug|Any CPU
		{3CFF78AC-AC13-4996-A1FE-E22997CC55FF}.Debug|Any CPU.Build.0 = Debug|Any CPU
		{3CFF78AC-AC13-4996-A1FE-E22997CC55FF}.Debug|x64.ActiveCfg = Debug|x64
		{3CFF78AC-AC13-4996-A1FE-E22997CC55FF}.Debug|x64.Build.0 = Debug|x64
		{3CFF78AC-AC13-4996-A1FE-E22997CC55FF}.Debug|x86.ActiveCfg = Debug|x86
		{3CFF78AC-AC13-4996-A1FE-E22997CC55FF}.Debug|x86.Build.0 = Debug|x86
		{3CFF78AC-AC13-4996-A1FE-E22997CC55FF}.Release|Any CPU.ActiveCfg = Release|Any CPU
		{3CFF78AC-AC13-4996-A1FE-E22997CC55FF}.Release|Any CPU.Build.0 = Release|Any CPU
		{3CFF78AC-AC13-4996-A1FE-E22997CC55FF}.Release|x64.ActiveCfg = Release|x64
		{3CFF78AC-AC13-4996-A1FE-E22997CC55FF}.Release|x64.Build.0 = Release|x64
		{3CFF78AC-AC13-4996-A1FE-E22997CC55FF}.Release|x86.ActiveCfg = Release|x86
		{3CFF78AC-AC13-4996-A1FE-E22997CC55FF}.Release|x86.Build.0 = Release|x86
	EndGlobalSection
	GlobalSection(ProjectConfigurationPlatforms) = postSolution
		{73E8E820-C8AA-47CC-BB2B-152CA4D0B856}.Debug|Any CPU.ActiveCfg = Debug|Any CPU
		{73E8E820-C8AA-47CC-BB2B-152CA4D0B856}.Debug|Any CPU.Build.0 = Debug|Any CPU
		{73E8E820-C8AA-47CC-BB2B-152CA4D0B856}.Release|Any CPU.ActiveCfg = Release|Any CPU
		{73E8E820-C8AA-47CC-BB2B-152CA4D0B856}.Release|Any CPU.Build.0 = Release|Any CPU
	EndGlobalSection
	GlobalSection(SolutionProperties) = preSolution
		HideSolutionNode = FALSE
	EndGlobalSection
	GlobalSection(ExtensibilityGlobals) = postSolution
		SolutionGuid = {7A0AA30E-4CD9-4359-9513-BA68E2E85245}
	EndGlobalSection
EndGlobal
